
Microsoft Visual Studio Solution File, Format Version 12.00
# Visual Studio Version 16
VisualStudioVersion = 16.0.31624.102
MinimumVisualStudioVersion = 10.0.40219.1
Project("{9A19103F-16F7-4668-BE54-9A1E7A4F7556}") = "ProWebU1Act1", "ProWebU1Act1\ProWebU1Act1.csproj", "{A5C749B8-320D-499C-9F8E-E22979EB354E}"
EndProject
Project("{9A19103F-16F7-4668-BE54-9A1E7A4F7556}") = "ProWebU1Act2", "ProWebU1Act2\ProWebU1Act2.csproj", "{7435DC82-1493-4674-9C32-2469C35EC8BE}"
EndProject
Project("{9A19103F-16F7-4668-BE54-9A1E7A4F7556}") = "ProWebU2Zoo", "ProWebU2Zoo\ProWebU2Zoo.csproj", "{78930BA3-B963-4AF4-A1F0-A570E49801A6}"
EndProject
Project("{9A19103F-16F7-4668-BE54-9A1E7A4F7556}") = "U3RazasPerros", "U3RazasPerros\U3RazasPerros.csproj", "{0B5C6084-FCE1-417D-94DD-FBD5419B6B52}"
EndProject
Global
	GlobalSection(SolutionConfigurationPlatforms) = preSolution
		Debug|Any CPU = Debug|Any CPU
		Release|Any CPU = Release|Any CPU
	EndGlobalSection
	GlobalSection(ProjectConfigurationPlatforms) = postSolution
		{A5C749B8-320D-499C-9F8E-E22979EB354E}.Debug|Any CPU.ActiveCfg = Debug|Any CPU
		{A5C749B8-320D-499C-9F8E-E22979EB354E}.Debug|Any CPU.Build.0 = Debug|Any CPU
		{A5C749B8-320D-499C-9F8E-E22979EB354E}.Release|Any CPU.ActiveCfg = Release|Any CPU
		{A5C749B8-320D-499C-9F8E-E22979EB354E}.Release|Any CPU.Build.0 = Release|Any CPU
		{7435DC82-1493-4674-9C32-2469C35EC8BE}.Debug|Any CPU.ActiveCfg = Debug|Any CPU
		{7435DC82-1493-4674-9C32-2469C35EC8BE}.Debug|Any CPU.Build.0 = Debug|Any CPU
		{7435DC82-1493-4674-9C32-2469C35EC8BE}.Release|Any CPU.ActiveCfg = Release|Any CPU
		{7435DC82-1493-4674-9C32-2469C35EC8BE}.Release|Any CPU.Build.0 = Release|Any CPU
		{78930BA3-B963-4AF4-A1F0-A570E49801A6}.Debug|Any CPU.ActiveCfg = Debug|Any CPU
		{78930BA3-B963-4AF4-A1F0-A570E49801A6}.Debug|Any CPU.Build.0 = Debug|Any CPU
		{78930BA3-B963-4AF4-A1F0-A570E49801A6}.Release|Any CPU.ActiveCfg = Release|Any CPU
		{78930BA3-B963-4AF4-A1F0-A570E49801A6}.Release|Any CPU.Build.0 = Release|Any CPU
		{0B5C6084-FCE1-417D-94DD-FBD5419B6B52}.Debug|Any CPU.ActiveCfg = Debug|Any CPU
		{0B5C6084-FCE1-417D-94DD-FBD5419B6B52}.Debug|Any CPU.Build.0 = Debug|Any CPU
		{0B5C6084-FCE1-417D-94DD-FBD5419B6B52}.Release|Any CPU.ActiveCfg = Release|Any CPU
		{0B5C6084-FCE1-417D-94DD-FBD5419B6B52}.Release|Any CPU.Build.0 = Release|Any CPU
	EndGlobalSection
	GlobalSection(SolutionProperties) = preSolution
		HideSolutionNode = FALSE
	EndGlobalSection
	GlobalSection(ExtensibilityGlobals) = postSolution
		SolutionGuid = {58C65808-7FD1-486D-AE16-55224BA3EBE5}
	EndGlobalSection
EndGlobal
